PODS:
  - Realm (0.95.2):
    - Realm/Headers (= 0.95.2)
  - Realm/Headers (0.95.2)
  - RealmSwift (0.95.2):
    - Realm (= 0.95.2)
  - SVProgressHUD (1.1.3)
  - SwiftyJSON (2.3.0)

DEPENDENCIES:
  - RealmSwift (~> 0.95)
  - SVProgressHUD (~> 1.1)
  - SwiftyJSON (~> 2.3)

SPEC CHECKSUMS:
  Realm: 4c026902041bb39c4bd083ebc5e88f4f17973d72
  RealmSwift: ac7822fe7ab8dca7fa979f4d576793b111d6dce1
  SVProgressHUD: 748080e4f36e603f6c02aec292664239df5279c1
  SwiftyJSON: 8d6b61a70277ef2a5d710d372e06e7e2d87fb9e4

COCOAPODS: 0.38.2
